
Microsoft Visual Studio Solution File, Format Version 12.00
# Visual Studio Version 17
VisualStudioVersion = 17.5.33627.172
MinimumVisualStudioVersion = 10.0.40219.1
Project("{FAE04EC0-301F-11D3-BF4B-00C04F79EFBC}") = "ArreglosSemanas", "ArreglosSemanas\ArreglosSemanas.csproj", "{1E40B01B-E474-46E4-B55E-0EC12303D71E}"
EndProject
Global
	GlobalSection(SolutionConfigurationPlatforms) = preSolution
		Debug|Any CPU = Debug|Any CPU
		Release|Any CPU = Release|Any CPU
	EndGlobalSection
	GlobalSection(ProjectConfigurationPlatforms) = postSolution
		{1E40B01B-E474-46E4-B55E-0EC12303D71E}.Debug|Any CPU.ActiveCfg = Debug|Any CPU
		{1E40B01B-E474-46E4-B55E-0EC12303D71E}.Debug|Any CPU.Build.0 = Debug|Any CPU
		{1E40B01B-E474-46E4-B55E-0EC12303D71E}.Release|Any CPU.ActiveCfg = Release|Any CPU
		{1E40B01B-E474-46E4-B55E-0EC12303D71E}.Release|Any CPU.Build.0 = Release|Any CPU
	EndGlobalSection
	GlobalSection(SolutionProperties) = preSolution
		HideSolutionNode = FALSE
	EndGlobalSection
	GlobalSection(ExtensibilityGlobals) = postSolution
		SolutionGuid = {2E3F0E41-F88F-40C5-B5DE-D35C562DFA35}
	EndGlobalSection
EndGlobal
